
Microsoft Visual Studio Solution File, Format Version 12.00
Project("{FAE04EC0-301F-11D3-BF4B-00C04F79EFBC}") = "MovieChooser", "MovieChooser\MovieChooser.csproj", "{0E7F2126-EE50-4CB9-AC79-CCC5E3CB9539}"
EndProject
Global
	GlobalSection(SolutionConfigurationPlatforms) = preSolution
		Debug|Any CPU = Debug|Any CPU
		Release|Any CPU = Release|Any CPU
	EndGlobalSection
	GlobalSection(ProjectConfigurationPlatforms) = postSolution
		{0E7F2126-EE50-4CB9-AC79-CCC5E3CB9539}.Debug|Any CPU.ActiveCfg = Debug|Any CPU
		{0E7F2126-EE50-4CB9-AC79-CCC5E3CB9539}.Debug|Any CPU.Build.0 = Debug|Any CPU
		{0E7F2126-EE50-4CB9-AC79-CCC5E3CB9539}.Release|Any CPU.ActiveCfg = Release|Any CPU
		{0E7F2126-EE50-4CB9-AC79-CCC5E3CB9539}.Release|Any CPU.Build.0 = Release|Any CPU
	EndGlobalSection
EndGlobal
